
Microsoft Visual Studio Solution File, Format Version 11.00
# Visual C# Express 2010
Project("{FAE04EC0-301F-11D3-BF4B-00C04F79EFBC}") = "LearningSpace", "LearningSpace\LearningSpace.csproj", "{EBE3D5EC-A086-4D55-BD3C-6075ACCE02AB}"
EndProject
Global
	GlobalSection(SolutionConfigurationPlatforms) = preSolution
		Debug|x86 = Debug|x86
		Release|x86 = Release|x86
	EndGlobalSection
	GlobalSection(ProjectConfigurationPlatforms) = postSolution
		{EBE3D5EC-A086-4D55-BD3C-6075ACCE02AB}.Debug|x86.ActiveCfg = Debug|x86
		{EBE3D5EC-A086-4D55-BD3C-6075ACCE02AB}.Debug|x86.Build.0 = Debug|x86
		{EBE3D5EC-A086-4D55-BD3C-6075ACCE02AB}.Release|x86.ActiveCfg = Release|x86
		{EBE3D5EC-A086-4D55-BD3C-6075ACCE02AB}.Release|x86.Build.0 = Release|x86
	EndGlobalSection
	GlobalSection(SolutionProperties) = preSolution
		HideSolutionNode = FALSE
	EndGlobalSection
EndGlobal
